
Microsoft Visual Studio Solution File, Format Version 12.00
# Visual Studio 15
VisualStudioVersion = 15.0.26730.15
MinimumVisualStudioVersion = 10.0.40219.1
Project("{FAE04EC0-301F-11D3-BF4B-00C04F79EFBC}") = "ProgrammingTask", "ProgrammingTask\ProgrammingTask.csproj", "{F63EEF8D-11E2-4A8C-B8EF-5CCF8624E1E4}"
EndProject
Global
	GlobalSection(SolutionConfigurationPlatforms) = preSolution
		Debug|Any CPU = Debug|Any CPU
		Release|Any CPU = Release|Any CPU
	EndGlobalSection
	GlobalSection(ProjectConfigurationPlatforms) = postSolution
		{F63EEF8D-11E2-4A8C-B8EF-5CCF8624E1E4}.Debug|Any CPU.ActiveCfg = Debug|Any CPU
		{F63EEF8D-11E2-4A8C-B8EF-5CCF8624E1E4}.Debug|Any CPU.Build.0 = Debug|Any CPU
		{F63EEF8D-11E2-4A8C-B8EF-5CCF8624E1E4}.Release|Any CPU.ActiveCfg = Release|Any CPU
		{F63EEF8D-11E2-4A8C-B8EF-5CCF8624E1E4}.Release|Any CPU.Build.0 = Release|Any CPU
	EndGlobalSection
	GlobalSection(SolutionProperties) = preSolution
		HideSolutionNode = FALSE
	EndGlobalSection
	GlobalSection(ExtensibilityGlobals) = postSolution
		SolutionGuid = {2147E8BE-5A2C-4606-9B09-C26CED2E9961}
	EndGlobalSection
EndGlobal
